dependencies:
- name: cloudnative-pg
  repository: https://cloudnative-pg.github.io/charts
  version: 0.28.0
- name: cluster
  repository: https://cloudnative-pg.github.io/charts
  version: 0.6.0
- name: traefik
  repository: https://traefik.github.io/charts
  version: 41.5.0
digest: sha256:6ee3748c4ede842964887da014676f2f5edef78053b6f0bcd5a1b4aa43894806
generated: "2026-09-10T23:15:23.7112379+02:00"
